
Microsoft Visual Studio Solution File, Format Version 12.00
# Visual Studio Version 17
VisualStudioVersion = 17.4.33213.308
MinimumVisualStudioVersion = 10.0.40219.1
Project("{FAE04EC0-301F-11D3-BF4B-00C04F79EFBC}") = "GreatestDivisiorFib", "GreatestDivisiorFib\GreatestDivisiorFib.csproj", "{F961E601-5F46-4CA7-AA53-15FD06EDF9F0}"
EndProject
Global
	GlobalSection(SolutionConfigurationPlatforms) = preSolution
		Debug|Any CPU = Debug|Any CPU
		Release|Any CPU = Release|Any CPU
	EndGlobalSection
	GlobalSection(ProjectConfigurationPlatforms) = postSolution
		{F961E601-5F46-4CA7-AA53-15FD06EDF9F0}.Debug|Any CPU.ActiveCfg = Debug|Any CPU
		{F961E601-5F46-4CA7-AA53-15FD06EDF9F0}.Debug|Any CPU.Build.0 = Debug|Any CPU
		{F961E601-5F46-4CA7-AA53-15FD06EDF9F0}.Release|Any CPU.ActiveCfg = Release|Any CPU
		{F961E601-5F46-4CA7-AA53-15FD06EDF9F0}.Release|Any CPU.Build.0 = Release|Any CPU
	EndGlobalSection
	GlobalSection(SolutionProperties) = preSolution
		HideSolutionNode = FALSE
	EndGlobalSection
	GlobalSection(ExtensibilityGlobals) = postSolution
		SolutionGuid = {DB16BE8B-7AB5-4CF8-A9E7-31DC3063562F}
	EndGlobalSection
EndGlobal
